
Microsoft Visual Studio Solution File, Format Version 12.00
Project("{2150E333-8FDC-42A3-9474-1A3956D46DE8}") = "src", "src", "{827E0CD3-B72D-47B6-A68D-7590B98EB39B}"
EndProject
Project("{FAE04EC0-301F-11D3-BF4B-00C04F79EFBC}") = "TradeRelay.Desktop", "src\TradeRelay.Desktop\TradeRelay.Desktop.csproj", "{E81AD17F-07B8-4F1B-9ED8-8324A9B19CC3}"
EndProject
Project("{FAE04EC0-301F-11D3-BF4B-00C04F79EFBC}") = "TradeRelay.Core", "src\TradeRelay.Core\TradeRelay.Core.csproj", "{56EC7388-0441-4282-806B-F8EDC4305946}"
EndProject
Project("{FAE04EC0-301F-11D3-BF4B-00C04F79EFBC}") = "TradeRelay.Providers.Bybit", "src\TradeRelay.Providers.Bybit\TradeRelay.Providers.Bybit.csproj", "{3B0E1312-FE46-4D75-851C-729DC855E452}"
EndProject
Project("{2150E333-8FDC-42A3-9474-1A3956D46DE8}") = "tests", "tests", "{0AB3BF05-4346-4AA6-1389-037BE0695223}"
EndProject
Project("{FAE04EC0-301F-11D3-BF4B-00C04F79EFBC}") = "TradeRelay.Tests", "tests\TradeRelay.Tests\TradeRelay.Tests.csproj", "{060439B9-6ECB-4323-8A2A-62795478A338}"
EndProject
Global
	GlobalSection(SolutionConfigurationPlatforms) = preSolution
		Debug|Any CPU = Debug|Any CPU
		Debug|x64 = Debug|x64
		Debug|x86 = Debug|x86
		Release|Any CPU = Release|Any CPU
		Release|x64 = Release|x64
		Release|x86 = Release|x86
	EndGlobalSection
	GlobalSection(ProjectConfigurationPlatforms) = postSolution
		{E81AD17F-07B8-4F1B-9ED8-8324A9B19CC3}.Debug|Any CPU.ActiveCfg = Debug|Any CPU
		{E81AD17F-07B8-4F1B-9ED8-8324A9B19CC3}.Debug|Any CPU.Build.0 = Debug|Any CPU
		{E81AD17F-07B8-4F1B-9ED8-8324A9B19CC3}.Debug|x64.ActiveCfg = Debug|Any CPU
		{E81AD17F-07B8-4F1B-9ED8-8324A9B19CC3}.Debug|x64.Build.0 = Debug|Any CPU
		{E81AD17F-07B8-4F1B-9ED8-8324A9B19CC3}.Debug|x86.ActiveCfg = Debug|Any CPU
		{E81AD17F-07B8-4F1B-9ED8-8324A9B19CC3}.Debug|x86.Build.0 = Debug|Any CPU
		{E81AD17F-07B8-4F1B-9ED8-8324A9B19CC3}.Release|Any CPU.ActiveCfg = Release|Any CPU
		{E81AD17F-07B8-4F1B-9ED8-8324A9B19CC3}.Release|Any CPU.Build.0 = Release|Any CPU
		{E81AD17F-07B8-4F1B-9ED8-8324A9B19CC3}.Release|x64.ActiveCfg = Release|Any CPU
		{E81AD17F-07B8-4F1B-9ED8-8324A9B19CC3}.Release|x64.Build.0 = Release|Any CPU
		{E81AD17F-07B8-4F1B-9ED8-8324A9B19CC3}.Release|x86.ActiveCfg = Release|Any CPU
		{E81AD17F-07B8-4F1B-9ED8-8324A9B19CC3}.Release|x86.Build.0 = Release|Any CPU
		{56EC7388-0441-4282-806B-F8EDC4305946}.Debug|Any CPU.ActiveCfg = Debug|Any CPU
		{56EC7388-0441-4282-806B-F8EDC4305946}.Debug|Any CPU.Build.0 = Debug|Any CPU
		{56EC7388-0441-4282-806B-F8EDC4305946}.Debug|x64.ActiveCfg = Debug|Any CPU
		{56EC7388-0441-4282-806B-F8EDC4305946}.Debug|x64.Build.0 = Debug|Any CPU
		{56EC7388-0441-4282-806B-F8EDC4305946}.Debug|x86.ActiveCfg = Debug|Any CPU
		{56EC7388-0441-4282-806B-F8EDC4305946}.Debug|x86.Build.0 = Debug|Any CPU
		{56EC7388-0441-4282-806B-F8EDC4305946}.Release|Any CPU.ActiveCfg = Release|Any CPU
		{56EC7388-0441-4282-806B-F8EDC4305946}.Release|Any CPU.Build.0 = Release|Any CPU
		{56EC7388-0441-4282-806B-F8EDC4305946}.Release|x64.ActiveCfg = Release|Any CPU
		{56EC7388-0441-4282-806B-F8EDC4305946}.Release|x64.Build.0 = Release|Any CPU
		{56EC7388-0441-4282-806B-F8EDC4305946}.Release|x86.ActiveCfg = Release|Any CPU
		{56EC7388-0441-4282-806B-F8EDC4305946}.Release|x86.Build.0 = Release|Any CPU
		{3B0E1312-FE46-4D75-851C-729DC855E452}.Debug|Any CPU.ActiveCfg = Debug|Any CPU
		{3B0E1312-FE46-4D75-851C-729DC855E452}.Debug|Any CPU.Build.0 = Debug|Any CPU
		{3B0E1312-FE46-4D75-851C-729DC855E452}.Debug|x64.ActiveCfg = Debug|Any CPU
		{3B0E1312-FE46-4D75-851C-729DC855E452}.Debug|x64.Build.0 = Debug|Any CPU
		{3B0E1312-FE46-4D75-851C-729DC855E452}.Debug|x86.ActiveCfg = Debug|Any CPU
		{3B0E1312-FE46-4D75-851C-729DC855E452}.Debug|x86.Build.0 = Debug|Any CPU
		{3B0E1312-FE46-4D75-851C-729DC855E452}.Release|Any CPU.ActiveCfg = Release|Any CPU
		{3B0E1312-FE46-4D75-851C-729DC855E452}.Release|Any CPU.Build.0 = Release|Any CPU
		{3B0E1312-FE46-4D75-851C-729DC855E452}.Release|x64.ActiveCfg = Release|Any CPU
		{3B0E1312-FE46-4D75-851C-729DC855E452}.Release|x64.Build.0 = Release|Any CPU
		{3B0E1312-FE46-4D75-851C-729DC855E452}.Release|x86.ActiveCfg = Release|Any CPU
		{3B0E1312-FE46-4D75-851C-729DC855E452}.Release|x86.Build.0 = Release|Any CPU
		{060439B9-6ECB-4323-8A2A-62795478A338}.Debug|Any CPU.ActiveCfg = Debug|Any CPU
		{060439B9-6ECB-4323-8A2A-62795478A338}.Debug|Any CPU.Build.0 = Debug|Any CPU
		{060439B9-6ECB-4323-8A2A-62795478A338}.Debug|x64.ActiveCfg = Debug|Any CPU
		{060439B9-6ECB-4323-8A2A-62795478A338}.Debug|x64.Build.0 = Debug|Any CPU
		{060439B9-6ECB-4323-8A2A-62795478A338}.Debug|x86.ActiveCfg = Debug|Any CPU
		{060439B9-6ECB-4323-8A2A-62795478A338}.Debug|x86.Build.0 = Debug|Any CPU
		{060439B9-6ECB-4323-8A2A-62795478A338}.Release|Any CPU.ActiveCfg = Release|Any CPU
		{060439B9-6ECB-4323-8A2A-62795478A338}.Release|Any CPU.Build.0 = Release|Any CPU
		{060439B9-6ECB-4323-8A2A-62795478A338}.Release|x64.ActiveCfg = Release|Any CPU
		{060439B9-6ECB-4323-8A2A-62795478A338}.Release|x64.Build.0 = Release|Any CPU
		{060439B9-6ECB-4323-8A2A-62795478A338}.Release|x86.ActiveCfg = Release|Any CPU
		{060439B9-6ECB-4323-8A2A-62795478A338}.Release|x86.Build.0 = Release|Any CPU
	EndGlobalSection
	GlobalSection(SolutionProperties) = preSolution
		HideSolutionNode = FALSE
	EndGlobalSection
	GlobalSection(NestedProjects) = preSolution
		{E81AD17F-07B8-4F1B-9ED8-8324A9B19CC3} = {827E0CD3-B72D-47B6-A68D-7590B98EB39B}
		{56EC7388-0441-4282-806B-F8EDC4305946} = {827E0CD3-B72D-47B6-A68D-7590B98EB39B}
		{3B0E1312-FE46-4D75-851C-729DC855E452} = {827E0CD3-B72D-47B6-A68D-7590B98EB39B}
		{060439B9-6ECB-4323-8A2A-62795478A338} = {0AB3BF05-4346-4AA6-1389-037BE0695223}
	EndGlobalSection
EndGlobal
